gom 'github.com/BurntSushi/toml', :commit => '99064174e013895bbd9b025c31100bd1d9b590ca'
gom 'github.com/codahale/chacha20', :commit => 'ec07b4f69a3f70b1dd2a8ad77230deb1ba5d6953'
gom 'github.com/jinzhu/configor', :commit => 'b7df2005e02e9226447139012db968eda90a4b91'
gom 'github.com/kataras/go-errors', :commit => '0f977b82cc78d5d31bb75fb6f903ad9e852c8bbd'
gom 'github.com/klauspost/compress', :commit => '1e658061989f47658e69492cf63a839630a25eba'
gom 'github.com/klauspost/cpuid', :commit => '09cded8978dc9e80714c4d85b0322337b0a1e5e0'
gom 'github.com/klauspost/crc32', :commit => 'cb6bfca970f6908083f26f39a79009d608efd5cd'
gom 'github.com/klauspost/reedsolomon', :commit => 'd0a56f72c0d40a6cdde43a1575ad9686a0098b70'
gom 'github.com/pkg/errors', :commit => '248dadf4e9068a0b3e79f02ed0a610d935de5302'
gom 'github.com/valyala/bytebufferpool', :commit => 'e746df99fe4a3986f4d4f79e13c1e0117ce9c2f7'
gom 'github.com/valyala/fasthttp', :commit => 'b154429ca951971beae8427b1a918ebce58f64af'
gom 'github.com/xtaci/kcp-go', :commit => '1a8d8c1d4fb43cee8cfc32fa464d2592a2923f1a'
gom 'golang.org/x/crypto', :commit => '459e26527287adbc2adcc5d0d49abff9a5f315a7'
gom 'golang.org/x/net', :commit => 'b400c2eff1badec7022a8c8f5bea058b6315eed7'
gom 'gopkg.in/yaml.v1', :commit => '9f9df34309c04878acc86042b16630b0f696e1de'
gom 'rkproxy', :commit => '626a4b73dc0ad6171657de01a28272c7043aba54'
